
Microsoft Visual Studio Solution File, Format Version 12.00
Project("{FAE04EC0-301F-11D3-BF4B-00C04F79EFBC}") = "Sections Shellcode Process Injector", "Sections Shellcode Process Injector\Sections Shellcode Process Injector.csproj", "{B0520D1D-FCCB-4FEA-AD6B-11C85F2F5895}"
EndProject
Global
	GlobalSection(SolutionConfigurationPlatforms) = preSolution
		Debug|Any CPU = Debug|Any CPU
		Release|Any CPU = Release|Any CPU
	EndGlobalSection
	GlobalSection(ProjectConfigurationPlatforms) = postSolution
		{B0520D1D-FCCB-4FEA-AD6B-11C85F2F5895}.Debug|Any CPU.ActiveCfg = Debug|Any CPU
		{B0520D1D-FCCB-4FEA-AD6B-11C85F2F5895}.Debug|Any CPU.Build.0 = Debug|Any CPU
		{B0520D1D-FCCB-4FEA-AD6B-11C85F2F5895}.Release|Any CPU.ActiveCfg = Release|Any CPU
		{B0520D1D-FCCB-4FEA-AD6B-11C85F2F5895}.Release|Any CPU.Build.0 = Release|Any CPU
	EndGlobalSection
EndGlobal
