
Microsoft Visual Studio Solution File, Format Version 12.00
Project("{FAE04EC0-301F-11D3-BF4B-00C04F79EFBC}") = "XOR Shellcode Encoder", "XOR Shellcode Encoder\XOR Shellcode Encoder.csproj", "{798F2306-5856-43E5-9E25-D46FF7353DC0}"
EndProject
Global
	GlobalSection(SolutionConfigurationPlatforms) = preSolution
		Debug|Any CPU = Debug|Any CPU
		Release|Any CPU = Release|Any CPU
	EndGlobalSection
	GlobalSection(ProjectConfigurationPlatforms) = postSolution
		{798F2306-5856-43E5-9E25-D46FF7353DC0}.Release|Any CPU.ActiveCfg = Release|Any CPU
		{798F2306-5856-43E5-9E25-D46FF7353DC0}.Release|Any CPU.Build.0 = Release|Any CPU
		{798F2306-5856-43E5-9E25-D46FF7353DC0}.Debug|Any CPU.ActiveCfg = Release|Any CPU
		{798F2306-5856-43E5-9E25-D46FF7353DC0}.Debug|Any CPU.Build.0 = Release|Any CPU
	EndGlobalSection
EndGlobal
